// !$*UTF8*$!
{
	archiveVersion = 1;
	classes = {
	};
	objectVersion = 46;
	objects = {

/* Begin PBXBuildFile section */
		A8ACEADC196534C200E33931 /* Foundation.framework in Frameworks */ = {isa = PBXBuildFile; fileRef = A8ACEADB196534C200E33931 /* Foundation.framework */; };
		A8ACEADE196534C200E33931 /* CoreGraphics.framework in Frameworks */ = {isa = PBXBuildFile; fileRef = A8ACEADD196534C200E33931 /* CoreGraphics.framework */; };
		A8ACEAE0196534C200E33931 /* UIKit.framework in Frameworks */ = {isa = PBXBuildFile; fileRef = A8ACEADF196534C200E33931 /* UIKit.framework */; };
		A8ACEAE6196534C200E33931 /* InfoPlist.strings in Resources */ = {isa = PBXBuildFile; fileRef = A8ACEAE4196534C200E33931 /* InfoPlist.strings */; };
		A8ACEAE8196534C200E33931 /* main.m in Sources */ = {isa = PBXBuildFile; fileRef = A8ACEAE7196534C200E33931 /* main.m */; };
		A8ACEAEC196534C200E33931 /* AppDelegate.m in Sources */ = {isa = PBXBuildFile; fileRef = A8ACEAEB196534C200E33931 /* AppDelegate.m */; };
		A8ACEAEF196534C200E33931 /* Main.storyboard in Resources */ = {isa = PBXBuildFile; fileRef = A8ACEAED196534C200E33931 /* Main.storyboard */; };
		A8ACEAF2196534C200E33931 /* ViewController.m in Sources */ = {isa = PBXBuildFile; fileRef = A8ACEAF1196534C200E33931 /* ViewController.m */; };
		A8ACEAF4196534C200E33931 /* Images.xcassets in Resources */ = {isa = PBXBuildFile; fileRef = A8ACEAF3196534C200E33931 /* Images.xcassets */; };
		A8ACEAFB196534C200E33931 /* XCTest.framework in Frameworks */ = {isa = PBXBuildFile; fileRef = A8ACEAFA196534C200E33931 /* XCTest.framework */; };
		A8ACEAFC196534C200E33931 /* Foundation.framework in Frameworks */ = {isa = PBXBuildFile; fileRef = A8ACEADB196534C200E33931 /* Foundation.framework */; };
		A8ACEAFD196534C200E33931 /* UIKit.framework in Frameworks */ = {isa = PBXBuildFile; fileRef = A8ACEADF196534C200E33931 /* UIKit.framework */; };
		A8ACEB05196534C200E33931 /* InfoPlist.strings in Resources */ = {isa = PBXBuildFile; fileRef = A8ACEB03196534C200E33931 /* InfoPlist.strings */; };
		A8ACEB07196534C200E33931 /* TestTravisCITests.m in Sources */ = {isa = PBXBuildFile; fileRef = A8ACEB06196534C200E33931 /* TestTravisCITests.m */; };
		A8ACEB1219653B6300E33931 /* NSArray+FPExtension.m in Sources */ = {isa = PBXBuildFile; fileRef = A8ACEB1119653B6300E33931 /* NSArray+FPExtension.m */; };
		A8ACEB1319653D9800E33931 /* NSArray+FPExtension.m in Sources */ = {isa = PBXBuildFile; fileRef = A8ACEB1119653B6300E33931 /* NSArray+FPExtension.m */; };
		B95501900ADA482D9D4FF2EA /* libPods-TestTravisCITests.a in Frameworks */ = {isa = PBXBuildFile; fileRef = 14145E4D0E4946B2A8A739D5 /* libPods-TestTravisCITests.a */; };
/* End PBXBuildFile section */

/* Begin PBXContainerItemProxy section */
		A8ACEAFE196534C200E33931 /* PBXContainerItemProxy */ = {
			isa = PBXContainerItemProxy;
			containerPortal = A8ACEAD0196534C200E33931 /* Project object */;
			proxyType = 1;
			remoteGlobalIDString = A8ACEAD7196534C200E33931;
			remoteInfo = TestTravisCI;
		};
/* End PBXContainerItemProxy section */

/* Begin PBXFileReference section */
		14145E4D0E4946B2A8A739D5 /* libPods-TestTravisCITests.a */ = {isa = PBXFileReference; explicitFileType = archive.ar; includeInIndex = 0; path = "libPods-TestTravisCITests.a"; sourceTree = BUILT_PRODUCTS_DIR; };
		156AFF03DC26479196373754 /* Pods-TestTravisCITests.xcconfig */ = {isa = PBXFileReference; includeInIndex = 1; lastKnownFileType = text.xcconfig; name = "Pods-TestTravisCITests.xcconfig"; path = "Pods/Pods-TestTravisCITests.xcconfig"; sourceTree = "<group>"; };
		A8ACEAD8196534C200E33931 /* TestTravisCI.app */ = {isa = PBXFileReference; explicitFileType = wrapper.application; includeInIndex = 0; path = TestTravisCI.app; sourceTree = BUILT_PRODUCTS_DIR; };
		A8ACEADB196534C200E33931 /* Foundation.framework */ = {isa = PBXFileReference; lastKnownFileType = wrapper.framework; name = Foundation.framework; path = System/Library/Frameworks/Foundation.framework; sourceTree = SDKROOT; };
		A8ACEADD196534C200E33931 /* CoreGraphics.framework */ = {isa = PBXFileReference; lastKnownFileType = wrapper.framework; name = CoreGraphics.framework; path = System/Library/Frameworks/CoreGraphics.framework; sourceTree = SDKROOT; };
		A8ACEADF196534C200E33931 /* UIKit.framework */ = {isa = PBXFileReference; lastKnownFileType = wrapper.framework; name = UIKit.framework; path = System/Library/Frameworks/UIKit.framework; sourceTree = SDKROOT; };
		A8ACEAE3196534C200E33931 /* TestTravisCI-Info.plist */ = {isa = PBXFileReference; lastKnownFileType = text.plist.xml; path = "TestTravisCI-Info.plist"; sourceTree = "<group>"; };
		A8ACEAE5196534C200E33931 /* en */ = {isa = PBXFileReference; lastKnownFileType = text.plist.strings; name = en; path = en.lproj/InfoPlist.strings; sourceTree = "<group>"; };
		A8ACEAE7196534C200E33931 /* main.m */ = {isa = PBXFileReference; lastKnownFileType = sourcecode.c.objc; path = main.m; sourceTree = "<group>"; };
		A8ACEAE9196534C200E33931 /* TestTravisCI-Prefix.pch */ = {isa = PBXFileReference; lastKnownFileType = sourcecode.c.h; path = "TestTravisCI-Prefix.pch"; sourceTree = "<group>"; };
		A8ACEAEA196534C200E33931 /* AppDelegate.h */ = {isa = PBXFileReference; lastKnownFileType = sourcecode.c.h; path = AppDelegate.h; sourceTree = "<group>"; };
		A8ACEAEB196534C200E33931 /* AppDelegate.m */ = {isa = PBXFileReference; lastKnownFileType = sourcecode.c.objc; path = AppDelegate.m; sourceTree = "<group>"; };
		A8ACEAEE196534C200E33931 /* Base */ = {isa = PBXFileReference; lastKnownFileType = file.storyboard; name = Base; path = Base.lproj/Main.storyboard; sourceTree = "<group>"; };
		A8ACEAF0196534C200E33931 /* ViewController.h */ = {isa = PBXFileReference; lastKnownFileType = sourcecode.c.h; path = ViewController.h; sourceTree = "<group>"; };
		A8ACEAF1196534C200E33931 /* ViewController.m */ = {isa = PBXFileReference; lastKnownFileType = sourcecode.c.objc; path = ViewController.m; sourceTree = "<group>"; };
		A8ACEAF3196534C200E33931 /* Images.xcassets */ = {isa = PBXFileReference; lastKnownFileType = folder.assetcatalog; path = Images.xcassets; sourceTree = "<group>"; };
		A8ACEAF9196534C200E33931 /* TestTravisCITests.xctest */ = {isa = PBXFileReference; explicitFileType = wrapper.cfbundle; includeInIndex = 0; path = TestTravisCITests.xctest; sourceTree = BUILT_PRODUCTS_DIR; };
		A8ACEAFA196534C200E33931 /* XCTest.framework */ = {isa = PBXFileReference; lastKnownFileType = wrapper.framework; name = XCTest.framework; path = Library/Frameworks/XCTest.framework; sourceTree = DEVELOPER_DIR; };
		A8ACEB02196534C200E33931 /* TestTravisCITests-Info.plist */ = {isa = PBXFileReference; lastKnownFileType = text.plist.xml; path = "TestTravisCITests-Info.plist"; sourceTree = "<group>"; };
		A8ACEB04196534C200E33931 /* en */ = {isa = PBXFileReference; lastKnownFileType = text.plist.strings; name = en; path = en.lproj/InfoPlist.strings; sourceTree = "<group>"; };
		A8ACEB06196534C200E33931 /* TestTravisCITests.m */ = {isa = PBXFileReference; lastKnownFileType = sourcecode.c.objc; path = TestTravisCITests.m; sourceTree = "<group>"; };
		A8ACEB1019653B6300E33931 /* NSArray+FPExtension.h */ = {isa = PBXFileReference; fileEncoding = 4; lastKnownFileType = sourcecode.c.h; name = "NSArray+FPExtension.h"; path = "TestTravisCITests/NSArray+FPExtension.h"; sourceTree = SOURCE_ROOT; };
		A8ACEB1119653B6300E33931 /* NSArray+FPExtension.m */ = {isa = PBXFileReference; fileEncoding = 4; lastKnownFileType = sourcecode.c.objc; name = "NSArray+FPExtension.m"; path = "TestTravisCITests/NSArray+FPExtension.m"; sourceTree = SOURCE_ROOT; };
		A8F73F071977BE7500923145 /* .travis.yml */ = {isa = PBXFileReference; lastKnownFileType = text; path = .travis.yml; sourceTree = "<group>"; };
/* End PBXFileReference section */

/* Begin PBXFrameworksBuildPhase section */
		A8ACEAD5196534C200E33931 /* Frameworks */ = {
			isa = PBXFrameworksBuildPhase;
			buildActionMask = 2147483647;
			files = (
				A8ACEADE196534C200E33931 /* CoreGraphics.framework in Frameworks */,
				A8ACEAE0196534C200E33931 /* UIKit.framework in Frameworks */,
				A8ACEADC196534C200E33931 /* Foundation.framework in Frameworks */,
			);
			runOnlyForDeploymentPostprocessing = 0;
		};
		A8ACEAF6196534C200E33931 /* Frameworks */ = {
			isa = PBXFrameworksBuildPhase;
			buildActionMask = 2147483647;
			files = (
				A8ACEAFB196534C200E33931 /* XCTest.framework in Frameworks */,
				A8ACEAFD196534C200E33931 /* UIKit.framework in Frameworks */,
				A8ACEAFC196534C200E33931 /* Foundation.framework in Frameworks */,
				B95501900ADA482D9D4FF2EA /* libPods-TestTravisCITests.a in Frameworks */,
			);
			runOnlyForDeploymentPostprocessing = 0;
		};
/* End PBXFrameworksBuildPhase section */

/* Begin PBXGroup section */
		A8ACEACF196534C200E33931 = {
			isa = PBXGroup;
			children = (
				A8ACEAE1196534C200E33931 /* TestTravisCI */,
				A8ACEB00196534C200E33931 /* TestTravisCITests */,
				A8ACEADA196534C200E33931 /* Frameworks */,
				A8ACEAD9196534C200E33931 /* Products */,
				156AFF03DC26479196373754 /* Pods-TestTravisCITests.xcconfig */,
			);
			sourceTree = "<group>";
		};
		A8ACEAD9196534C200E33931 /* Products */ = {
			isa = PBXGroup;
			children = (
				A8ACEAD8196534C200E33931 /* TestTravisCI.app */,
				A8ACEAF9196534C200E33931 /* TestTravisCITests.xctest */,
			);
			name = Products;
			sourceTree = "<group>";
		};
		A8ACEADA196534C200E33931 /* Frameworks */ = {
			isa = PBXGroup;
			children = (
				A8ACEADB196534C200E33931 /* Foundation.framework */,
				A8ACEADD196534C200E33931 /* CoreGraphics.framework */,
				A8ACEADF196534C200E33931 /* UIKit.framework */,
				A8ACEAFA196534C200E33931 /* XCTest.framework */,
				14145E4D0E4946B2A8A739D5 /* libPods-TestTravisCITests.a */,
			);
			name = Frameworks;
			sourceTree = "<group>";
		};
		A8ACEAE1196534C200E33931 /* TestTravisCI */ = {
			isa = PBXGroup;
			children = (
				A8ACEB1019653B6300E33931 /* NSArray+FPExtension.h */,
				A8ACEB1119653B6300E33931 /* NSArray+FPExtension.m */,
				A8ACEAEA196534C200E33931 /* AppDelegate.h */,
				A8ACEAEB196534C200E33931 /* AppDelegate.m */,
				A8ACEAED196534C200E33931 /* Main.storyboard */,
				A8ACEAF0196534C200E33931 /* ViewController.h */,
				A8ACEAF1196534C200E33931 /* ViewController.m */,
				A8F73F071977BE7500923145 /* .travis.yml */,
				A8ACEAF3196534C200E33931 /* Images.xcassets */,
				A8ACEAE2196534C200E33931 /* Supporting Files */,
			);
			path = TestTravisCI;
			sourceTree = "<group>";
		};
		A8ACEAE2196534C200E33931 /* Supporting Files */ = {
			isa = PBXGroup;
			children = (
				A8ACEAE3196534C200E33931 /* TestTravisCI-Info.plist */,
				A8ACEAE4196534C200E33931 /* InfoPlist.strings */,
				A8ACEAE7196534C200E33931 /* main.m */,
				A8ACEAE9196534C200E33931 /* TestTravisCI-Prefix.pch */,
			);
			name = "Supporting Files";
			sourceTree = "<group>";
		};
		A8ACEB00196534C200E33931 /* TestTravisCITests */ = {
			isa = PBXGroup;
			children = (
				A8ACEB06196534C200E33931 /* TestTravisCITests.m */,
				A8ACEB01196534C200E33931 /* Supporting Files */,
			);
			path = TestTravisCITests;
			sourceTree = "<group>";
		};
		A8ACEB01196534C200E33931 /* Supporting Files */ = {
			isa = PBXGroup;
			children = (
				A8ACEB02196534C200E33931 /* TestTravisCITests-Info.plist */,
				A8ACEB03196534C200E33931 /* InfoPlist.strings */,
			);
			name = "Supporting Files";
			sourceTree = "<group>";
		};
/* End PBXGroup section */

/* Begin PBXNativeTarget section */
		A8ACEAD7196534C200E33931 /* TestTravisCI */ = {
			isa = PBXNativeTarget;
			buildConfigurationList = A8ACEB0A196534C200E33931 /* Build configuration list for PBXNativeTarget "TestTravisCI" */;
			buildPhases = (
				A8ACEAD4196534C200E33931 /* Sources */,
				A8ACEAD5196534C200E33931 /* Frameworks */,
				A8ACEAD6196534C200E33931 /* Resources */,
			);
			buildRules = (
			);
			dependencies = (
			);
			name = TestTravisCI;
			productName = TestTravisCI;
			productReference = A8ACEAD8196534C200E33931 /* TestTravisCI.app */;
			productType = "com.apple.product-type.application";
		};
		A8ACEAF8196534C200E33931 /* TestTravisCITests */ = {
			isa = PBXNativeTarget;
			buildConfigurationList = A8ACEB0D196534C200E33931 /* Build configuration list for PBXNativeTarget "TestTravisCITests" */;
			buildPhases = (
				7116A0B43E6B40968946E0D6 /* Check Pods Manifest.lock */,
				A8ACEAF5196534C200E33931 /* Sources */,
				A8ACEAF6196534C200E33931 /* Frameworks */,
				A8ACEAF7196534C200E33931 /* Resources */,
				7C879C58FE994580BF1212CE /* Copy Pods Resources */,
			);
			buildRules = (
			);
			dependencies = (
				A8ACEAFF196534C200E33931 /* PBXTargetDependency */,
			);
			name = TestTravisCITests;
			productName = TestTravisCITests;
			productReference = A8ACEAF9196534C200E33931 /* TestTravisCITests.xctest */;
			productType = "com.apple.product-type.bundle.unit-test";
		};
/* End PBXNativeTarget section */

/* Begin PBXProject section */
		A8ACEAD0196534C200E33931 /* Project object */ = {
			isa = PBXProject;
			attributes = {
				LastUpgradeCheck = 0510;
				ORGANIZATIONNAME = Alexander;
				TargetAttributes = {
					A8ACEAF8196534C200E33931 = {
						TestTargetID = A8ACEAD7196534C200E33931;
					};
				};
			};
			buildConfigurationList = A8ACEAD3196534C200E33931 /* Build configuration list for PBXProject "TestTravisCI" */;
			compatibilityVersion = "Xcode 3.2";
			developmentRegion = English;
			hasScannedForEncodings = 0;
			knownRegions = (
				en,
				Base,
			);
			mainGroup = A8ACEACF196534C200E33931;
			productRefGroup = A8ACEAD9196534C200E33931 /* Products */;
			projectDirPath = "";
			projectRoot = "";
			targets = (
				A8ACEAD7196534C200E33931 /* TestTravisCI */,
				A8ACEAF8196534C200E33931 /* TestTravisCITests */,
			);
		};
/* End PBXProject section */

/* Begin PBXResourcesBuildPhase section */
		A8ACEAD6196534C200E33931 /* Resources */ = {
			isa = PBXResourcesBuildPhase;
			buildActionMask = 2147483647;
			files = (
				A8ACEAF4196534C200E33931 /* Images.xcassets in Resources */,
				A8ACEAE6196534C200E33931 /* InfoPlist.strings in Resources */,
				A8ACEAEF196534C200E33931 /* Main.storyboard in Resources */,
			);
			runOnlyForDeploymentPostprocessing = 0;
		};
		A8ACEAF7196534C200E33931 /* Resources */ = {
			isa = PBXResourcesBuildPhase;
			buildActionMask = 2147483647;
			files = (
				A8ACEB05196534C200E33931 /* InfoPlist.strings in Resources */,
			);
			runOnlyForDeploymentPostprocessing = 0;
		};
/* End PBXResourcesBuildPhase section */

/* Begin PBXShellScriptBuildPhase section */
		7116A0B43E6B40968946E0D6 /* Check Pods Manifest.lock */ = {
			isa = PBXShellScriptBuildPhase;
			buildActionMask = 2147483647;
			files = (
			);
			inputPaths = (
			);
			name = "Check Pods Manifest.lock";
			outputPaths = (
			);
			runOnlyForDeploymentPostprocessing = 0;
			shellPath = /bin/sh;
			shellScript = "diff \"${PODS_ROOT}/../Podfile.lock\" \"${PODS_ROOT}/Manifest.lock\" > /dev/null\nif [[ $? != 0 ]] ; then\n    cat << EOM\nerror: The sandbox is not in sync with the Podfile.lock. Run 'pod install' or update your CocoaPods installation.\nEOM\n    exit 1\nfi\n";
			showEnvVarsInLog = 0;
		};
		7C879C58FE994580BF1212CE /* Copy Pods Resources */ = {
			isa = PBXShellScriptBuildPhase;
			buildActionMask = 2147483647;
			files = (
			);
			inputPaths = (
			);
			name = "Copy Pods Resources";
			outputPaths = (
			);
			runOnlyForDeploymentPostprocessing = 0;
			shellPath = /bin/sh;
			shellScript = "\"${SRCROOT}/Pods/Pods-TestTravisCITests-resources.sh\"\n";
			showEnvVarsInLog = 0;
		};
/* End PBXShellScriptBuildPhase section */

/* Begin PBXSourcesBuildPhase section */
		A8ACEAD4196534C200E33931 /* Sources */ = {
			isa = PBXSourcesBuildPhase;
			buildActionMask = 2147483647;
			files = (
				A8ACEAF2196534C200E33931 /* ViewController.m in Sources */,
				A8ACEAEC196534C200E33931 /* AppDelegate.m in Sources */,
				A8ACEB1319653D9800E33931 /* NSArray+FPExtension.m in Sources */,
				A8ACEAE8196534C200E33931 /* main.m in Sources */,
			);
			runOnlyForDeploymentPostprocessing = 0;
		};
		A8ACEAF5196534C200E33931 /* Sources */ = {
			isa = PBXSourcesBuildPhase;
			buildActionMask = 2147483647;
			files = (
				A8ACEB1219653B6300E33931 /* NSArray+FPExtension.m in Sources */,
				A8ACEB07196534C200E33931 /* TestTravisCITests.m in Sources */,
			);
			runOnlyForDeploymentPostprocessing = 0;
		};
/* End PBXSourcesBuildPhase section */

/* Begin PBXTargetDependency section */
		A8ACEAFF196534C200E33931 /* PBXTargetDependency */ = {
			isa = PBXTargetDependency;
			target = A8ACEAD7196534C200E33931 /* TestTravisCI */;
			targetProxy = A8ACEAFE196534C200E33931 /* PBXContainerItemProxy */;
		};
/* End PBXTargetDependency section */

/* Begin PBXVariantGroup section */
		A8ACEAE4196534C200E33931 /* InfoPlist.strings */ = {
			isa = PBXVariantGroup;
			children = (
				A8ACEAE5196534C200E33931 /* en */,
			);
			name = InfoPlist.strings;
			sourceTree = "<group>";
		};
		A8ACEAED196534C200E33931 /* Main.storyboard */ = {
			isa = PBXVariantGroup;
			children = (
				A8ACEAEE196534C200E33931 /* Base */,
			);
			name = Main.storyboard;
			sourceTree = "<group>";
		};
		A8ACEB03196534C200E33931 /* InfoPlist.strings */ = {
			isa = PBXVariantGroup;
			children = (
				A8ACEB04196534C200E33931 /* en */,
			);
			name = InfoPlist.strings;
			sourceTree = "<group>";
		};
/* End PBXVariantGroup section */

/* Begin XCBuildConfiguration section */
		A8ACEB08196534C200E33931 /* Debug */ = {
			isa = XCBuildConfiguration;
			buildSettings = {
				ALWAYS_SEARCH_USER_PATHS = NO;
				CLANG_CXX_LANGUAGE_STANDARD = "gnu++0x";
				CLANG_CXX_LIBRARY = "libc++";
				CLANG_ENABLE_MODULES = YES;
				CLANG_ENABLE_OBJC_ARC = YES;
				CLANG_WARN_BOOL_CONVERSION = YES;
				CLANG_WARN_CONSTANT_CONVERSION = YES;
				CLANG_WARN_DIRECT_OBJC_ISA_USAGE = YES_ERROR;
				CLANG_WARN_EMPTY_BODY = YES;
				CLANG_WARN_ENUM_CONVERSION = YES;
				CLANG_WARN_INT_CONVERSION = YES;
				CLANG_WARN_OBJC_ROOT_CLASS = YES_ERROR;
				CLANG_WARN__DUPLICATE_METHOD_MATCH = YES;
				"CODE_SIGN_IDENTITY[sdk=iphoneos*]" = "iPhone Developer";
				COPY_PHASE_STRIP = NO;
				GCC_C_LANGUAGE_STANDARD = gnu99;
				GCC_DYNAMIC_NO_PIC = NO;
				GCC_OPTIMIZATION_LEVEL = 0;
				GCC_PREPROCESSOR_DEFINITIONS = (
					"DEBUG=1",
					"$(inherited)",
				);
				GCC_SYMBOLS_PRIVATE_EXTERN = NO;
				GCC_WARN_64_TO_32_BIT_CONVERSION = YES;
				GCC_WARN_ABOUT_RETURN_TYPE = YES_ERROR;
				GCC_WARN_UNDECLARED_SELECTOR = YES;
				GCC_WARN_UNINITIALIZED_AUTOS = YES_AGGRESSIVE;
				GCC_WARN_UNUSED_FUNCTION = YES;
				GCC_WARN_UNUSED_VARIABLE = YES;
				IPHONEOS_DEPLOYMENT_TARGET = 7.1;
				ONLY_ACTIVE_ARCH = YES;
				SDKROOT = iphoneos;
			};
			name = Debug;
		};
		A8ACEB09196534C200E33931 /* Release */ = {
			isa = XCBuildConfiguration;
			buildSettings = {
				ALWAYS_SEARCH_USER_PATHS = NO;
				CLANG_CXX_LANGUAGE_STANDARD = "gnu++0x";
				CLANG_CXX_LIBRARY = "libc++";
				CLANG_ENABLE_MODULES = YES;
				CLANG_ENABLE_OBJC_ARC = YES;
				CLANG_WARN_BOOL_CONVERSION = YES;
				CLANG_WARN_CONSTANT_CONVERSION = YES;
				CLANG_WARN_DIRECT_OBJC_ISA_USAGE = YES_ERROR;
				CLANG_WARN_EMPTY_BODY = YES;
				CLANG_WARN_ENUM_CONVERSION = YES;
				CLANG_WARN_INT_CONVERSION = YES;
				CLANG_WARN_OBJC_ROOT_CLASS = YES_ERROR;
				CLANG_WARN__DUPLICATE_METHOD_MATCH = YES;
				"CODE_SIGN_IDENTITY[sdk=iphoneos*]" = "iPhone Developer";
				COPY_PHASE_STRIP = YES;
				ENABLE_NS_ASSERTIONS = NO;
				GCC_C_LANGUAGE_STANDARD = gnu99;
				GCC_WARN_64_TO_32_BIT_CONVERSION = YES;
				GCC_WARN_ABOUT_RETURN_TYPE = YES_ERROR;
				GCC_WARN_UNDECLARED_SELECTOR = YES;
				GCC_WARN_UNINITIALIZED_AUTOS = YES_AGGRESSIVE;
				GCC_WARN_UNUSED_FUNCTION = YES;
				GCC_WARN_UNUSED_VARIABLE = YES;
				IPHONEOS_DEPLOYMENT_TARGET = 7.1;
				SDKROOT = iphoneos;
				VALIDATE_PRODUCT = YES;
			};
			name = Release;
		};
		A8ACEB0B196534C200E33931 /* Debug */ = {
			isa = XCBuildConfiguration;
			buildSettings = {
				ASSETCATALOG_COMPILER_APPICON_NAME = AppIcon;
				ASSETCATALOG_COMPILER_LAUNCHIMAGE_NAME = LaunchImage;
				CODE_SIGN_IDENTITY = "iPhone Developer: Alexandr Graschenkov (3NRJRPVS77)";
				GCC_PRECOMPILE_PREFIX_HEADER = YES;
				GCC_PREFIX_HEADER = "TestTravisCI/TestTravisCI-Prefix.pch";
				INFOPLIST_FILE = "TestTravisCI/TestTravisCI-Info.plist";
				PRODUCT_NAME = "$(TARGET_NAME)";
				PROVISIONING_PROFILE = "BAC071BF-E72F-43A3-8C1D-5030679A7380";
				WRAPPER_EXTENSION = app;
			};
			name = Debug;
		};
		A8ACEB0C196534C200E33931 /* Release */ = {
			isa = XCBuildConfiguration;
			buildSettings = {
				ASSETCATALOG_COMPILER_APPICON_NAME = AppIcon;
				ASSETCATALOG_COMPILER_LAUNCHIMAGE_NAME = LaunchImage;
				CODE_SIGN_IDENTITY = "iPhone Distribution: Alexandr Graschenkov (RE82W8HD52)";
				GCC_PRECOMPILE_PREFIX_HEADER = YES;
				GCC_PREFIX_HEADER = "TestTravisCI/TestTravisCI-Prefix.pch";
				INFOPLIST_FILE = "TestTravisCI/TestTravisCI-Info.plist";
				PRODUCT_NAME = "$(TARGET_NAME)";
				PROVISIONING_PROFILE = "E8B0DE05-D460-483D-A88E-398518DF9497";
				WRAPPER_EXTENSION = app;
			};
			name = Release;
		};
		A8ACEB0E196534C200E33931 /* Debug */ = {
			isa = XCBuildConfiguration;
			baseConfigurationReference = 156AFF03DC26479196373754 /* Pods-TestTravisCITests.xcconfig */;
			buildSettings = {
				BUNDLE_LOADER = "$(BUILT_PRODUCTS_DIR)/TestTravisCI.app/TestTravisCI";
				FRAMEWORK_SEARCH_PATHS = (
					"$(SDKROOT)/Developer/Library/Frameworks",
					"$(inherited)",
					"$(DEVELOPER_FRAMEWORKS_DIR)",
				);
				GCC_PRECOMPILE_PREFIX_HEADER = YES;
				GCC_PREFIX_HEADER = "TestTravisCI/TestTravisCI-Prefix.pch";
				GCC_PREPROCESSOR_DEFINITIONS = (
					"DEBUG=1",
					"$(inherited)",
				);
				INFOPLIST_FILE = "TestTravisCITests/TestTravisCITests-Info.plist";
				PRODUCT_NAME = "$(TARGET_NAME)";
				TEST_HOST = "$(BUNDLE_LOADER)";
				WRAPPER_EXTENSION = xctest;
			};
			name = Debug;
		};
		A8ACEB0F196534C200E33931 /* Release */ = {
			isa = XCBuildConfiguration;
			baseConfigurationReference = 156AFF03DC26479196373754 /* Pods-TestTravisCITests.xcconfig */;
			buildSettings = {
				BUNDLE_LOADER = "$(BUILT_PRODUCTS_DIR)/TestTravisCI.app/TestTravisCI";
				FRAMEWORK_SEARCH_PATHS = (
					"$(SDKROOT)/Developer/Library/Frameworks",
					"$(inherited)",
					"$(DEVELOPER_FRAMEWORKS_DIR)",
				);
				GCC_PRECOMPILE_PREFIX_HEADER = YES;
				GCC_PREFIX_HEADER = "TestTravisCI/TestTravisCI-Prefix.pch";
				INFOPLIST_FILE = "TestTravisCITests/TestTravisCITests-Info.plist";
				PRODUCT_NAME = "$(TARGET_NAME)";
				TEST_HOST = "$(BUNDLE_LOADER)";
				WRAPPER_EXTENSION = xctest;
			};
			name = Release;
		};
/* End XCBuildConfiguration section */

/* Begin XCConfigurationList section */
		A8ACEAD3196534C200E33931 /* Build configuration list for PBXProject "TestTravisCI" */ = {
			isa = XCConfigurationList;
			buildConfigurations = (
				A8ACEB08196534C200E33931 /* Debug */,
				A8ACEB09196534C200E33931 /* Release */,
			);
			defaultConfigurationIsVisible = 0;
			defaultConfigurationName = Release;
		};
		A8ACEB0A196534C200E33931 /* Build configuration list for PBXNativeTarget "TestTravisCI" */ = {
			isa = XCConfigurationList;
			buildConfigurations = (
				A8ACEB0B196534C200E33931 /* Debug */,
				A8ACEB0C196534C200E33931 /* Release */,
			);
			defaultConfigurationIsVisible = 0;
			defaultConfigurationName = Release;
		};
		A8ACEB0D196534C200E33931 /* Build configuration list for PBXNativeTarget "TestTravisCITests" */ = {
			isa = XCConfigurationList;
			buildConfigurations = (
				A8ACEB0E196534C200E33931 /* Debug */,
				A8ACEB0F196534C200E33931 /* Release */,
			);
			defaultConfigurationIsVisible = 0;
			defaultConfigurationName = Release;
		};
/* End XCConfigurationList section */
	};
	rootObject = A8ACEAD0196534C200E33931 /* Project object */;
}
